
Microsoft Visual Studio Solution File, Format Version 12.00
# Visual Studio Version 17
VisualStudioVersion = 17.9.34728.123
MinimumVisualStudioVersion = 10.0.40219.1
Project("{9A19103F-16F7-4668-BE54-9A1E7A4F7556}") = "API", "API\API.csproj", "{379B7CD6-8B0B-4E85-B150-2B8A091AEEFE}"
EndProject
Project("{9A19103F-16F7-4668-BE54-9A1E7A4F7556}") = "BusinessLogicLayer", "BusinessLogicLayer\BusinessLogicLayer.csproj", "{69BF13F7-16C9-4F35-BBA4-9BD13B11F5C1}"
EndProject
Project("{9A19103F-16F7-4668-BE54-9A1E7A4F7556}") = "DataAccessLayer", "DataAccessLayer\DataAccessLayer.csproj", "{2ECFCABF-DE57-4E7B-AD9A-DC94BC1F69B0}"
EndProject
Project("{FAE04EC0-301F-11D3-BF4B-00C04F79EFBC}") = "Data", "Data\Data.csproj", "{8C24A2EB-FCBB-43D2-BC02-C07897E5D521}"
EndProject
Global
	GlobalSection(SolutionConfigurationPlatforms) = preSolution
		Debug|Any CPU = Debug|Any CPU
		Release|Any CPU = Release|Any CPU
	EndGlobalSection
	GlobalSection(ProjectConfigurationPlatforms) = postSolution
		{379B7CD6-8B0B-4E85-B150-2B8A091AEEFE}.Debug|Any CPU.ActiveCfg = Debug|Any CPU
		{379B7CD6-8B0B-4E85-B150-2B8A091AEEFE}.Debug|Any CPU.Build.0 = Debug|Any CPU
		{379B7CD6-8B0B-4E85-B150-2B8A091AEEFE}.Release|Any CPU.ActiveCfg = Release|Any CPU
		{379B7CD6-8B0B-4E85-B150-2B8A091AEEFE}.Release|Any CPU.Build.0 = Release|Any CPU
		{69BF13F7-16C9-4F35-BBA4-9BD13B11F5C1}.Debug|Any CPU.ActiveCfg = Debug|Any CPU
		{69BF13F7-16C9-4F35-BBA4-9BD13B11F5C1}.Debug|Any CPU.Build.0 = Debug|Any CPU
		{69BF13F7-16C9-4F35-BBA4-9BD13B11F5C1}.Release|Any CPU.ActiveCfg = Release|Any CPU
		{69BF13F7-16C9-4F35-BBA4-9BD13B11F5C1}.Release|Any CPU.Build.0 = Release|Any CPU
		{2ECFCABF-DE57-4E7B-AD9A-DC94BC1F69B0}.Debug|Any CPU.ActiveCfg = Debug|Any CPU
		{2ECFCABF-DE57-4E7B-AD9A-DC94BC1F69B0}.Debug|Any CPU.Build.0 = Debug|Any CPU
		{2ECFCABF-DE57-4E7B-AD9A-DC94BC1F69B0}.Release|Any CPU.ActiveCfg = Release|Any CPU
		{2ECFCABF-DE57-4E7B-AD9A-DC94BC1F69B0}.Release|Any CPU.Build.0 = Release|Any CPU
		{8C24A2EB-FCBB-43D2-BC02-C07897E5D521}.Debug|Any CPU.ActiveCfg = Debug|Any CPU
		{8C24A2EB-FCBB-43D2-BC02-C07897E5D521}.Debug|Any CPU.Build.0 = Debug|Any CPU
		{8C24A2EB-FCBB-43D2-BC02-C07897E5D521}.Release|Any CPU.ActiveCfg = Release|Any CPU
		{8C24A2EB-FCBB-43D2-BC02-C07897E5D521}.Release|Any CPU.Build.0 = Release|Any CPU
	EndGlobalSection
	GlobalSection(SolutionProperties) = preSolution
		HideSolutionNode = FALSE
	EndGlobalSection
	GlobalSection(ExtensibilityGlobals) = postSolution
		SolutionGuid = {884F5068-5473-4429-A178-10954F90644D}
	EndGlobalSection
EndGlobal
