
Microsoft Visual Studio Solution File, Format Version 12.00
# Visual Studio Version 17
VisualStudioVersion = 17.9.34728.123
MinimumVisualStudioVersion = 10.0.40219.1
Project("{FAE04EC0-301F-11D3-BF4B-00C04F79EFBC}") = "we-api", "we-api\we-api.csproj", "{BF6B7968-FE6B-4CEF-B8A1-A1DA2BC0A0A1}"
EndProject
Global
	GlobalSection(SolutionConfigurationPlatforms) = preSolution
		Debug|Any CPU = Debug|Any CPU
		Release|Any CPU = Release|Any CPU
	EndGlobalSection
	GlobalSection(ProjectConfigurationPlatforms) = postSolution
		{BF6B7968-FE6B-4CEF-B8A1-A1DA2BC0A0A1}.Debug|Any CPU.ActiveCfg = Debug|Any CPU
		{BF6B7968-FE6B-4CEF-B8A1-A1DA2BC0A0A1}.Debug|Any CPU.Build.0 = Debug|Any CPU
		{BF6B7968-FE6B-4CEF-B8A1-A1DA2BC0A0A1}.Release|Any CPU.ActiveCfg = Release|Any CPU
		{BF6B7968-FE6B-4CEF-B8A1-A1DA2BC0A0A1}.Release|Any CPU.Build.0 = Release|Any CPU
	EndGlobalSection
	GlobalSection(SolutionProperties) = preSolution
		HideSolutionNode = FALSE
	EndGlobalSection
	GlobalSection(ExtensibilityGlobals) = postSolution
		SolutionGuid = {884F5068-5473-4429-A178-10954F90644D}
	EndGlobalSection
EndGlobal
